
Microsoft Visual Studio Solution File, Format Version 12.00
# Visual Studio Version 17
VisualStudioVersion = 17.9.34728.123
MinimumVisualStudioVersion = 10.0.40219.1
Project("{FAE04EC0-301F-11D3-BF4B-00C04F79EFBC}") = "EnglishMCQSystem", "EnglishMCQSystem\EnglishMCQSystem.csproj", "{DF3EB126-D321-4A77-907D-274C049AA948}"
EndProject
Global
	GlobalSection(SolutionConfigurationPlatforms) = preSolution
		Debug|Any CPU = Debug|Any CPU
		Release|Any CPU = Release|Any CPU
	EndGlobalSection
	GlobalSection(ProjectConfigurationPlatforms) = postSolution
		{DF3EB126-D321-4A77-907D-274C049AA948}.Debug|Any CPU.ActiveCfg = Debug|Any CPU
		{DF3EB126-D321-4A77-907D-274C049AA948}.Debug|Any CPU.Build.0 = Debug|Any CPU
		{DF3EB126-D321-4A77-907D-274C049AA948}.Release|Any CPU.ActiveCfg = Release|Any CPU
		{DF3EB126-D321-4A77-907D-274C049AA948}.Release|Any CPU.Build.0 = Release|Any CPU
	EndGlobalSection
	GlobalSection(SolutionProperties) = preSolution
		HideSolutionNode = FALSE
	EndGlobalSection
	GlobalSection(ExtensibilityGlobals) = postSolution
		SolutionGuid = {E78C4180-B838-495D-BD9D-8D4BE925ADAD}
	EndGlobalSection
EndGlobal
